
Microsoft Visual Studio Solution File, Format Version 12.00
# Visual Studio Version 16
VisualStudioVersion = 16.0.30804.86
MinimumVisualStudioVersion = 10.0.40219.1
Project("{FAE04EC0-301F-11D3-BF4B-00C04F79EFBC}") = "JupiterToys", "JupiterToys.csproj", "{2F126987-B4D6-43D7-931F-8E61F4AD135D}"
EndProject
Global
	GlobalSection(SolutionConfigurationPlatforms) = preSolution
		Debug|Any CPU = Debug|Any CPU
		Release|Any CPU = Release|Any CPU
	EndGlobalSection
	GlobalSection(ProjectConfigurationPlatforms) = postSolution
		{2F126987-B4D6-43D7-931F-8E61F4AD135D}.Debug|Any CPU.ActiveCfg = Debug|Any CPU
		{2F126987-B4D6-43D7-931F-8E61F4AD135D}.Debug|Any CPU.Build.0 = Debug|Any CPU
		{2F126987-B4D6-43D7-931F-8E61F4AD135D}.Release|Any CPU.ActiveCfg = Release|Any CPU
		{2F126987-B4D6-43D7-931F-8E61F4AD135D}.Release|Any CPU.Build.0 = Release|Any CPU
	EndGlobalSection
	GlobalSection(SolutionProperties) = preSolution
		HideSolutionNode = FALSE
	EndGlobalSection
	GlobalSection(ExtensibilityGlobals) = postSolution
		SolutionGuid = {A27F377D-3A28-4AAC-8B96-05A5A5EC2349}
	EndGlobalSection
EndGlobal
